
Microsoft Visual Studio Solution File, Format Version 12.00
# Visual Studio Version 16
VisualStudioVersion = 16.0.29123.89
MinimumVisualStudioVersion = 10.0.40219.1
Project("{888888A0-9F3D-457C-B088-3A5042F75D52}") = "Chapter2_Strings", "Chapter2_Strings\Chapter2_Strings.pyproj", "{92CF8559-071F-48DF-BF08-23325656FA93}"
EndProject
Project("{888888A0-9F3D-457C-B088-3A5042F75D52}") = "Chapter4_Deal _with_Lists", "Chapter4_Deal _with_Lists\Chapter4_Deal _with_Lists.pyproj", "{24A6D9FF-8336-4981-85F1-5E74966529C4}"
EndProject
Project("{888888A0-9F3D-457C-B088-3A5042F75D52}") = "Chapter5_IF_Statements", "Chapter5_IF_Statements\Chapter5_IF_Statements.pyproj", "{0F9F2BF4-EC6A-4501-9FB4-5669AB5937C4}"
EndProject
Project("{888888A0-9F3D-457C-B088-3A5042F75D52}") = "Chapter6_Dictionary", "Chapter6_Dictionary\Chapter6_Dictionary.pyproj", "{86487DF4-8A60-428F-8ECD-104C0E8922DB}"
EndProject
Project("{888888A0-9F3D-457C-B088-3A5042F75D52}") = "Chapter3_Intro_of_Lists", "Chapter3_Intro_of_Lists\Chapter3_Intro_of_Lists.pyproj", "{FBD59AEE-36F0-4872-9A06-AD5C35C4AFF1}"
EndProject
Project("{888888A0-9F3D-457C-B088-3A5042F75D52}") = "Chapter7_User_Input_and_While_loop", "Chapter7_User_Input_and_While_loop\Chapter7_User_Input_and_While_loop.pyproj", "{21D0BB8E-CF74-4954-89C8-F22C87930F74}"
EndProject
Project("{888888A0-9F3D-457C-B088-3A5042F75D52}") = "Chapter8_Function", "Chapter8_Function\Chapter8_Function.pyproj", "{AB895A22-4998-4C4A-BAC3-D1E9837D82E8}"
EndProject
Project("{888888A0-9F3D-457C-B088-3A5042F75D52}") = "Chapter9_Class", "Chapter9_Class\Chapter9_Class.pyproj", "{22A0E354-573F-461B-AC11-7D78EC50D59E}"
EndProject
Project("{888888A0-9F3D-457C-B088-3A5042F75D52}") = "Chapter10_Document_and _Error", "Chapter10_Document_and _Error\Chapter10_Document_and _Error.pyproj", "{9C4F2007-B277-4572-A175-E21A1E09C082}"
EndProject
Project("{888888A0-9F3D-457C-B088-3A5042F75D52}") = "Chapter11_Code_Testing", "Chapter11_Code_Testing\Chapter11_Code_Testing.pyproj", "{66A5800F-EAA6-48BB-8694-C270DF7CA42E}"
EndProject
Project("{2150E333-8FDC-42A3-9474-1A3956D46DE8}") = "Part1_Basic_Knowledge", "Part1_Basic_Knowledge", "{7D3902B5-63E1-4160-93CB-E6AF0D9D2192}"
EndProject
Project("{2150E333-8FDC-42A3-9474-1A3956D46DE8}") = "Part2_Projects", "Part2_Projects", "{334660ED-7A97-4D62-BE86-37063B8739E5}"
EndProject
Project("{2150E333-8FDC-42A3-9474-1A3956D46DE8}") = "Project1_Alien_Invasion", "Project1_Alien_Invasion", "{EE48F563-1DE6-42F9-B8C5-FDA2A2D7895E}"
EndProject
Project("{2150E333-8FDC-42A3-9474-1A3956D46DE8}") = "images", "images", "{DFFFB82B-7AFE-403D-9F3E-C01E36106305}"
	ProjectSection(SolutionItems) = preProject
		Chapter12+13+14\images\alien.bmp = Chapter12+13+14\images\alien.bmp
		Chapter12+13+14\images\ship.bmp = Chapter12+13+14\images\ship.bmp
	EndProjectSection
EndProject
Project("{888888A0-9F3D-457C-B088-3A5042F75D52}") = "Chapter12+13+14", "Chapter12+13+14\Chapter12+13+14.pyproj", "{DE3B7654-4EDF-4FD7-98DF-3295E91EE30F}"
EndProject
Project("{2150E333-8FDC-42A3-9474-1A3956D46DE8}") = "Project2_Data_Visualization", "Project2_Data_Visualization", "{5D827C51-0BB1-492F-BDE8-8BD1710CDB09}"
EndProject
Project("{888888A0-9F3D-457C-B088-3A5042F75D52}") = "Chapter15+16+17", "Chapter15+16+17\Chapter15+16+17.pyproj", "{CFA5DE53-504F-43BE-9FFB-5E87CB3F5E30}"
EndProject
Global
	GlobalSection(SolutionConfigurationPlatforms) = preSolution
		Debug|Any CPU = Debug|Any CPU
		Release|Any CPU = Release|Any CPU
	EndGlobalSection
	GlobalSection(ProjectConfigurationPlatforms) = postSolution
		{92CF8559-071F-48DF-BF08-23325656FA93}.Debug|Any CPU.ActiveCfg = Debug|Any CPU
		{92CF8559-071F-48DF-BF08-23325656FA93}.Release|Any CPU.ActiveCfg = Release|Any CPU
		{24A6D9FF-8336-4981-85F1-5E74966529C4}.Debug|Any CPU.ActiveCfg = Debug|Any CPU
		{24A6D9FF-8336-4981-85F1-5E74966529C4}.Release|Any CPU.ActiveCfg = Release|Any CPU
		{0F9F2BF4-EC6A-4501-9FB4-5669AB5937C4}.Debug|Any CPU.ActiveCfg = Debug|Any CPU
		{0F9F2BF4-EC6A-4501-9FB4-5669AB5937C4}.Release|Any CPU.ActiveCfg = Release|Any CPU
		{86487DF4-8A60-428F-8ECD-104C0E8922DB}.Debug|Any CPU.ActiveCfg = Debug|Any CPU
		{86487DF4-8A60-428F-8ECD-104C0E8922DB}.Release|Any CPU.ActiveCfg = Release|Any CPU
		{FBD59AEE-36F0-4872-9A06-AD5C35C4AFF1}.Debug|Any CPU.ActiveCfg = Debug|Any CPU
		{FBD59AEE-36F0-4872-9A06-AD5C35C4AFF1}.Release|Any CPU.ActiveCfg = Release|Any CPU
		{21D0BB8E-CF74-4954-89C8-F22C87930F74}.Debug|Any CPU.ActiveCfg = Debug|Any CPU
		{21D0BB8E-CF74-4954-89C8-F22C87930F74}.Release|Any CPU.ActiveCfg = Release|Any CPU
		{AB895A22-4998-4C4A-BAC3-D1E9837D82E8}.Debug|Any CPU.ActiveCfg = Debug|Any CPU
		{AB895A22-4998-4C4A-BAC3-D1E9837D82E8}.Release|Any CPU.ActiveCfg = Release|Any CPU
		{22A0E354-573F-461B-AC11-7D78EC50D59E}.Debug|Any CPU.ActiveCfg = Debug|Any CPU
		{22A0E354-573F-461B-AC11-7D78EC50D59E}.Release|Any CPU.ActiveCfg = Release|Any CPU
		{9C4F2007-B277-4572-A175-E21A1E09C082}.Debug|Any CPU.ActiveCfg = Debug|Any CPU
		{9C4F2007-B277-4572-A175-E21A1E09C082}.Release|Any CPU.ActiveCfg = Release|Any CPU
		{66A5800F-EAA6-48BB-8694-C270DF7CA42E}.Debug|Any CPU.ActiveCfg = Debug|Any CPU
		{66A5800F-EAA6-48BB-8694-C270DF7CA42E}.Release|Any CPU.ActiveCfg = Release|Any CPU
		{DE3B7654-4EDF-4FD7-98DF-3295E91EE30F}.Debug|Any CPU.ActiveCfg = Debug|Any CPU
		{DE3B7654-4EDF-4FD7-98DF-3295E91EE30F}.Release|Any CPU.ActiveCfg = Release|Any CPU
		{CFA5DE53-504F-43BE-9FFB-5E87CB3F5E30}.Debug|Any CPU.ActiveCfg = Debug|Any CPU
		{CFA5DE53-504F-43BE-9FFB-5E87CB3F5E30}.Release|Any CPU.ActiveCfg = Release|Any CPU
	EndGlobalSection
	GlobalSection(SolutionProperties) = preSolution
		HideSolutionNode = FALSE
	EndGlobalSection
	GlobalSection(NestedProjects) = preSolution
		{92CF8559-071F-48DF-BF08-23325656FA93} = {7D3902B5-63E1-4160-93CB-E6AF0D9D2192}
		{24A6D9FF-8336-4981-85F1-5E74966529C4} = {7D3902B5-63E1-4160-93CB-E6AF0D9D2192}
		{0F9F2BF4-EC6A-4501-9FB4-5669AB5937C4} = {7D3902B5-63E1-4160-93CB-E6AF0D9D2192}
		{86487DF4-8A60-428F-8ECD-104C0E8922DB} = {7D3902B5-63E1-4160-93CB-E6AF0D9D2192}
		{FBD59AEE-36F0-4872-9A06-AD5C35C4AFF1} = {7D3902B5-63E1-4160-93CB-E6AF0D9D2192}
		{21D0BB8E-CF74-4954-89C8-F22C87930F74} = {7D3902B5-63E1-4160-93CB-E6AF0D9D2192}
		{AB895A22-4998-4C4A-BAC3-D1E9837D82E8} = {7D3902B5-63E1-4160-93CB-E6AF0D9D2192}
		{22A0E354-573F-461B-AC11-7D78EC50D59E} = {7D3902B5-63E1-4160-93CB-E6AF0D9D2192}
		{9C4F2007-B277-4572-A175-E21A1E09C082} = {7D3902B5-63E1-4160-93CB-E6AF0D9D2192}
		{66A5800F-EAA6-48BB-8694-C270DF7CA42E} = {7D3902B5-63E1-4160-93CB-E6AF0D9D2192}
		{EE48F563-1DE6-42F9-B8C5-FDA2A2D7895E} = {334660ED-7A97-4D62-BE86-37063B8739E5}
		{DFFFB82B-7AFE-403D-9F3E-C01E36106305} = {EE48F563-1DE6-42F9-B8C5-FDA2A2D7895E}
		{DE3B7654-4EDF-4FD7-98DF-3295E91EE30F} = {EE48F563-1DE6-42F9-B8C5-FDA2A2D7895E}
		{5D827C51-0BB1-492F-BDE8-8BD1710CDB09} = {334660ED-7A97-4D62-BE86-37063B8739E5}
		{CFA5DE53-504F-43BE-9FFB-5E87CB3F5E30} = {5D827C51-0BB1-492F-BDE8-8BD1710CDB09}
	EndGlobalSection
	GlobalSection(ExtensibilityGlobals) = postSolution
		SolutionGuid = {D3846874-B8AF-4ABC-A87E-FDA0975715D6}
	EndGlobalSection
EndGlobal
