
Microsoft Visual Studio Solution File, Format Version 12.00
# Visual Studio Version 16
VisualStudioVersion = 16.0.29123.89
MinimumVisualStudioVersion = 10.0.40219.1
Project("{888888A0-9F3D-457C-B088-3A5042F75D52}") = "Chapter2_Strings", "Chapter2_Strings\Chapter2_Strings.pyproj", "{92CF8559-071F-48DF-BF08-23325656FA93}"
EndProject
Project("{888888A0-9F3D-457C-B088-3A5042F75D52}") = "Chapter4_Deal _with_Lists", "Chapter4_Deal _with_Lists\Chapter4_Deal _with_Lists.pyproj", "{24A6D9FF-8336-4981-85F1-5E74966529C4}"
EndProject
Project("{888888A0-9F3D-457C-B088-3A5042F75D52}") = "Chapter5_IF_Statements", "Chapter5_IF_Statements\Chapter5_IF_Statements.pyproj", "{0F9F2BF4-EC6A-4501-9FB4-5669AB5937C4}"
EndProject
Project("{888888A0-9F3D-457C-B088-3A5042F75D52}") = "Chapter6_Dictionary", "Chapter6_Dictionary\Chapter6_Dictionary.pyproj", "{86487DF4-8A60-428F-8ECD-104C0E8922DB}"
EndProject
Project("{888888A0-9F3D-457C-B088-3A5042F75D52}") = "Chapter3_Intro_of_Lists", "Chapter3_Intro_of_Lists\Chapter3_Intro_of_Lists.pyproj", "{FBD59AEE-36F0-4872-9A06-AD5C35C4AFF1}"
EndProject
Project("{888888A0-9F3D-457C-B088-3A5042F75D52}") = "Chapter7_User_Input_and_While_loop", "Chapter7_User_Input_and_While_loop\Chapter7_User_Input_and_While_loop.pyproj", "{21D0BB8E-CF74-4954-89C8-F22C87930F74}"
EndProject
Project("{888888A0-9F3D-457C-B088-3A5042F75D52}") = "Chapter8_Function", "Chapter8_Function\Chapter8_Function.pyproj", "{AB895A22-4998-4C4A-BAC3-D1E9837D82E8}"
EndProject
Project("{888888A0-9F3D-457C-B088-3A5042F75D52}") = "Chapter9_Class", "Chapter9_Class\Chapter9_Class.pyproj", "{22A0E354-573F-461B-AC11-7D78EC50D59E}"
EndProject
Global
	GlobalSection(SolutionConfigurationPlatforms) = preSolution
		Debug|Any CPU = Debug|Any CPU
		Release|Any CPU = Release|Any CPU
	EndGlobalSection
	GlobalSection(ProjectConfigurationPlatforms) = postSolution
		{92CF8559-071F-48DF-BF08-23325656FA93}.Debug|Any CPU.ActiveCfg = Debug|Any CPU
		{92CF8559-071F-48DF-BF08-23325656FA93}.Release|Any CPU.ActiveCfg = Release|Any CPU
		{24A6D9FF-8336-4981-85F1-5E74966529C4}.Debug|Any CPU.ActiveCfg = Debug|Any CPU
		{24A6D9FF-8336-4981-85F1-5E74966529C4}.Release|Any CPU.ActiveCfg = Release|Any CPU
		{0F9F2BF4-EC6A-4501-9FB4-5669AB5937C4}.Debug|Any CPU.ActiveCfg = Debug|Any CPU
		{0F9F2BF4-EC6A-4501-9FB4-5669AB5937C4}.Release|Any CPU.ActiveCfg = Release|Any CPU
		{86487DF4-8A60-428F-8ECD-104C0E8922DB}.Debug|Any CPU.ActiveCfg = Debug|Any CPU
		{86487DF4-8A60-428F-8ECD-104C0E8922DB}.Release|Any CPU.ActiveCfg = Release|Any CPU
		{FBD59AEE-36F0-4872-9A06-AD5C35C4AFF1}.Debug|Any CPU.ActiveCfg = Debug|Any CPU
		{FBD59AEE-36F0-4872-9A06-AD5C35C4AFF1}.Release|Any CPU.ActiveCfg = Release|Any CPU
		{21D0BB8E-CF74-4954-89C8-F22C87930F74}.Debug|Any CPU.ActiveCfg = Debug|Any CPU
		{21D0BB8E-CF74-4954-89C8-F22C87930F74}.Release|Any CPU.ActiveCfg = Release|Any CPU
		{AB895A22-4998-4C4A-BAC3-D1E9837D82E8}.Debug|Any CPU.ActiveCfg = Debug|Any CPU
		{AB895A22-4998-4C4A-BAC3-D1E9837D82E8}.Release|Any CPU.ActiveCfg = Release|Any CPU
		{22A0E354-573F-461B-AC11-7D78EC50D59E}.Debug|Any CPU.ActiveCfg = Debug|Any CPU
		{22A0E354-573F-461B-AC11-7D78EC50D59E}.Release|Any CPU.ActiveCfg = Release|Any CPU
	EndGlobalSection
	GlobalSection(SolutionProperties) = preSolution
		HideSolutionNode = FALSE
	EndGlobalSection
	GlobalSection(ExtensibilityGlobals) = postSolution
		SolutionGuid = {D3846874-B8AF-4ABC-A87E-FDA0975715D6}
	EndGlobalSection
EndGlobal
